
Microsoft Visual Studio Solution File, Format Version 12.00
# Visual Studio Version 17
VisualStudioVersion = 17.11.35327.3
MinimumVisualStudioVersion = 10.0.40219.1
Project("{FAE04EC0-301F-11D3-BF4B-00C04F79EFBC}") = "Tyuiu.KhoteevaEV.Sprint7.Project.V5", "Tyuiu.KhoteevaEV.Sprint7.Project.V5\Tyuiu.KhoteevaEV.Sprint7.Project.V5.csproj", "{898CD2EF-A832-4CA8-8320-48E41CB92E12}"
EndProject
Project("{FAE04EC0-301F-11D3-BF4B-00C04F79EFBC}") = "Tyuiu.KhoteevaEV.Sprint7.Project.V5.Lib", "Tyuiu.KhoteevaEV.Sprint7.Project.V5.Lib\Tyuiu.KhoteevaEV.Sprint7.Project.V5.Lib.csproj", "{630CB117-500E-487A-A1F9-0FC71119DB10}"
EndProject
Project("{FAE04EC0-301F-11D3-BF4B-00C04F79EFBC}") = "Tyuiu.KhoteevaEV.Sprint7.Project.V5.Test", "Tyuiu.KhoteevaEV.Sprint7.Project.V5.Test\Tyuiu.KhoteevaEV.Sprint7.Project.V5.Test.csproj", "{D83FC4C9-DD31-453E-8B2B-1E6F00777ACB}"
EndProject
Global
	GlobalSection(SolutionConfigurationPlatforms) = preSolution
		Debug|Any CPU = Debug|Any CPU
		Release|Any CPU = Release|Any CPU
	EndGlobalSection
	GlobalSection(ProjectConfigurationPlatforms) = postSolution
		{898CD2EF-A832-4CA8-8320-48E41CB92E12}.Debug|Any CPU.ActiveCfg = Debug|Any CPU
		{898CD2EF-A832-4CA8-8320-48E41CB92E12}.Debug|Any CPU.Build.0 = Debug|Any CPU
		{898CD2EF-A832-4CA8-8320-48E41CB92E12}.Release|Any CPU.ActiveCfg = Release|Any CPU
		{898CD2EF-A832-4CA8-8320-48E41CB92E12}.Release|Any CPU.Build.0 = Release|Any CPU
		{630CB117-500E-487A-A1F9-0FC71119DB10}.Debug|Any CPU.ActiveCfg = Debug|Any CPU
		{630CB117-500E-487A-A1F9-0FC71119DB10}.Debug|Any CPU.Build.0 = Debug|Any CPU
		{630CB117-500E-487A-A1F9-0FC71119DB10}.Release|Any CPU.ActiveCfg = Release|Any CPU
		{630CB117-500E-487A-A1F9-0FC71119DB10}.Release|Any CPU.Build.0 = Release|Any CPU
		{D83FC4C9-DD31-453E-8B2B-1E6F00777ACB}.Debug|Any CPU.ActiveCfg = Debug|Any CPU
		{D83FC4C9-DD31-453E-8B2B-1E6F00777ACB}.Debug|Any CPU.Build.0 = Debug|Any CPU
		{D83FC4C9-DD31-453E-8B2B-1E6F00777ACB}.Release|Any CPU.ActiveCfg = Release|Any CPU
		{D83FC4C9-DD31-453E-8B2B-1E6F00777ACB}.Release|Any CPU.Build.0 = Release|Any CPU
	EndGlobalSection
	GlobalSection(SolutionProperties) = preSolution
		HideSolutionNode = FALSE
	EndGlobalSection
	GlobalSection(ExtensibilityGlobals) = postSolution
		SolutionGuid = {7AE3A5E3-6506-4032-914E-32B5D8B3381A}
	EndGlobalSection
EndGlobal
